// !$*UTF8*$!
{
	archiveVersion = 1;
	classes = {
	};
	objectVersion = 50;
	objects = {

/* Begin PBXBuildFile section */
		519F0D0D24861FC10080F08B /* AppDelegate.swift in Sources */ = {isa = PBXBuildFile; fileRef = 519F0D0C24861FC10080F08B /* AppDelegate.swift */; };
		519F0D0F24861FC10080F08B /* SceneDelegate.swift in Sources */ = {isa = PBXBuildFile; fileRef = 519F0D0E24861FC10080F08B /* SceneDelegate.swift */; };
		519F0D1124861FC10080F08B /* ViewController.swift in Sources */ = {isa = PBXBuildFile; fileRef = 519F0D1024861FC10080F08B /* ViewController.swift */; };
		519F0D1424861FC10080F08B /* Main.storyboard in Resources */ = {isa = PBXBuildFile; fileRef = 519F0D1224861FC10080F08B /* Main.storyboard */; };
		519F0D1624861FC20080F08B /* Assets.xcassets in Resources */ = {isa = PBXBuildFile; fileRef = 519F0D1524861FC20080F08B /* Assets.xcassets */; };
		519F0D1924861FC20080F08B /* LaunchScreen.storyboard in Resources */ = {isa = PBXBuildFile; fileRef = 519F0D1724861FC20080F08B /* LaunchScreen.storyboard */; };
		519F0D212486207C0080F08B /* GameScene.swift in Sources */ = {isa = PBXBuildFile; fileRef = 519F0D202486207C0080F08B /* GameScene.swift */; };
		51B744C5248A0CBC00E748D6 /* cursor7.mp3 in Resources */ = {isa = PBXBuildFile; fileRef = 51B744C4248A0CBC00E748D6 /* cursor7.mp3 */; };
		51B744C9248A0ED100E748D6 /* bgm.mp3 in Resources */ = {isa = PBXBuildFile; fileRef = 51B744C8248A0ED100E748D6 /* bgm.mp3 */; };
/* End PBXBuildFile section */

/* Begin PBXFileReference section */
		519F0D0924861FC10080F08B /* FlappyBird.app */ = {isa = PBXFileReference; explicitFileType = wrapper.application; includeInIndex = 0; path = FlappyBird.app; sourceTree = BUILT_PRODUCTS_DIR; };
		519F0D0C24861FC10080F08B /* AppDelegate.swift */ = {isa = PBXFileReference; lastKnownFileType = sourcecode.swift; path = AppDelegate.swift; sourceTree = "<group>"; };
		519F0D0E24861FC10080F08B /* SceneDelegate.swift */ = {isa = PBXFileReference; lastKnownFileType = sourcecode.swift; path = SceneDelegate.swift; sourceTree = "<group>"; };
		519F0D1024861FC10080F08B /* ViewController.swift */ = {isa = PBXFileReference; lastKnownFileType = sourcecode.swift; path = ViewController.swift; sourceTree = "<group>"; };
		519F0D1324861FC10080F08B /* Base */ = {isa = PBXFileReference; lastKnownFileType = file.storyboard; name = Base; path = Base.lproj/Main.storyboard; sourceTree = "<group>"; };
		519F0D1524861FC20080F08B /* Assets.xcassets */ = {isa = PBXFileReference; lastKnownFileType = folder.assetcatalog; path = Assets.xcassets; sourceTree = "<group>"; };
		519F0D1824861FC20080F08B /* Base */ = {isa = PBXFileReference; lastKnownFileType = file.storyboard; name = Base; path = Base.lproj/LaunchScreen.storyboard; sourceTree = "<group>"; };
		519F0D1A24861FC20080F08B /* Info.plist */ = {isa = PBXFileReference; lastKnownFileType = text.plist.xml; path = Info.plist; sourceTree = "<group>"; };
		519F0D202486207C0080F08B /* GameScene.swift */ = {isa = PBXFileReference; lastKnownFileType = sourcecode.swift; path = GameScene.swift; sourceTree = "<group>"; };
		51B744C4248A0CBC00E748D6 /* cursor7.mp3 */ = {isa = PBXFileReference; lastKnownFileType = audio.mp3; path = cursor7.mp3; sourceTree = "<group>"; };
		51B744C8248A0ED100E748D6 /* bgm.mp3 */ = {isa = PBXFileReference; lastKnownFileType = audio.mp3; path = bgm.mp3; sourceTree = "<group>"; };
/* End PBXFileReference section */

/* Begin PBXFrameworksBuildPhase section */
		519F0D0624861FC10080F08B /* Frameworks */ = {
			isa = PBXFrameworksBuildPhase;
			buildActionMask = 2147483647;
			files = (
			);
			runOnlyForDeploymentPostprocessing = 0;
		};
/* End PBXFrameworksBuildPhase section */

/* Begin PBXGroup section */
		519F0D0024861FC10080F08B = {
			isa = PBXGroup;
			children = (
				51B744C8248A0ED100E748D6 /* bgm.mp3 */,
				51B744C4248A0CBC00E748D6 /* cursor7.mp3 */,
				519F0D0B24861FC10080F08B /* FlappyBird */,
				519F0D0A24861FC10080F08B /* Products */,
			);
			sourceTree = "<group>";
		};
		519F0D0A24861FC10080F08B /* Products */ = {
			isa = PBXGroup;
			children = (
				519F0D0924861FC10080F08B /* FlappyBird.app */,
			);
			name = Products;
			sourceTree = "<group>";
		};
		519F0D0B24861FC10080F08B /* FlappyBird */ = {
			isa = PBXGroup;
			children = (
				519F0D0C24861FC10080F08B /* AppDelegate.swift */,
				519F0D0E24861FC10080F08B /* SceneDelegate.swift */,
				519F0D1024861FC10080F08B /* ViewController.swift */,
				519F0D202486207C0080F08B /* GameScene.swift */,
				519F0D1224861FC10080F08B /* Main.storyboard */,
				519F0D1524861FC20080F08B /* Assets.xcassets */,
				519F0D1724861FC20080F08B /* LaunchScreen.storyboard */,
				519F0D1A24861FC20080F08B /* Info.plist */,
			);
			path = FlappyBird;
			sourceTree = "<group>";
		};
/* End PBXGroup section */

/* Begin PBXNativeTarget section */
		519F0D0824861FC10080F08B /* FlappyBird */ = {
			isa = PBXNativeTarget;
			buildConfigurationList = 519F0D1D24861FC20080F08B /* Build configuration list for PBXNativeTarget "FlappyBird" */;
			buildPhases = (
				519F0D0524861FC10080F08B /* Sources */,
				519F0D0624861FC10080F08B /* Frameworks */,
				519F0D0724861FC10080F08B /* Resources */,
			);
			buildRules = (
			);
			dependencies = (
			);
			name = FlappyBird;
			productName = FlappyBird;
			productReference = 519F0D0924861FC10080F08B /* FlappyBird.app */;
			productType = "com.apple.product-type.application";
		};
/* End PBXNativeTarget section */

/* Begin PBXProject section */
		519F0D0124861FC10080F08B /* Project object */ = {
			isa = PBXProject;
			attributes = {
				LastSwiftUpdateCheck = 1110;
				LastUpgradeCheck = 1110;
				ORGANIZATIONNAME = "seisei-zero";
				TargetAttributes = {
					519F0D0824861FC10080F08B = {
						CreatedOnToolsVersion = 11.1;
					};
				};
			};
			buildConfigurationList = 519F0D0424861FC10080F08B /* Build configuration list for PBXProject "FlappyBird" */;
			compatibilityVersion = "Xcode 9.3";
			developmentRegion = en;
			hasScannedForEncodings = 0;
			knownRegions = (
				en,
				Base,
			);
			mainGroup = 519F0D0024861FC10080F08B;
			productRefGroup = 519F0D0A24861FC10080F08B /* Products */;
			projectDirPath = "";
			projectRoot = "";
			targets = (
				519F0D0824861FC10080F08B /* FlappyBird */,
			);
		};
/* End PBXProject section */

/* Begin PBXResourcesBuildPhase section */
		519F0D0724861FC10080F08B /* Resources */ = {
			isa = PBXResourcesBuildPhase;
			buildActionMask = 2147483647;
			files = (
				519F0D1924861FC20080F08B /* LaunchScreen.storyboard in Resources */,
				519F0D1624861FC20080F08B /* Assets.xcassets in Resources */,
				51B744C5248A0CBC00E748D6 /* cursor7.mp3 in Resources */,
				519F0D1424861FC10080F08B /* Main.storyboard in Resources */,
				51B744C9248A0ED100E748D6 /* bgm.mp3 in Resources */,
			);
			runOnlyForDeploymentPostprocessing = 0;
		};
/* End PBXResourcesBuildPhase section */

/* Begin PBXSourcesBuildPhase section */
		519F0D0524861FC10080F08B /* Sources */ = {
			isa = PBXSourcesBuildPhase;
			buildActionMask = 2147483647;
			files = (
				519F0D1124861FC10080F08B /* ViewController.swift in Sources */,
				519F0D0D24861FC10080F08B /* AppDelegate.swift in Sources */,
				519F0D212486207C0080F08B /* GameScene.swift in Sources */,
				519F0D0F24861FC10080F08B /* SceneDelegate.swift in Sources */,
			);
			runOnlyForDeploymentPostprocessing = 0;
		};
/* End PBXSourcesBuildPhase section */

/* Begin PBXVariantGroup section */
		519F0D1224861FC10080F08B /* Main.storyboard */ = {
			isa = PBXVariantGroup;
			children = (
				519F0D1324861FC10080F08B /* Base */,
			);
			name = Main.storyboard;
			sourceTree = "<group>";
		};
		519F0D1724861FC20080F08B /* LaunchScreen.storyboard */ = {
			isa = PBXVariantGroup;
			children = (
				519F0D1824861FC20080F08B /* Base */,
			);
			name = LaunchScreen.storyboard;
			sourceTree = "<group>";
		};
/* End PBXVariantGroup section */

/* Begin XCBuildConfiguration section */
		519F0D1B24861FC20080F08B /* Debug */ = {
			isa = XCBuildConfiguration;
			buildSettings = {
				ALWAYS_SEARCH_USER_PATHS = NO;
				CLANG_ANALYZER_NONNULL = YES;
				CLANG_ANALYZER_NUMBER_OBJECT_CONVERSION = YES_AGGRESSIVE;
				CLANG_CXX_LANGUAGE_STANDARD = "gnu++14";
				CLANG_CXX_LIBRARY = "libc++";
				CLANG_ENABLE_MODULES = YES;
				CLANG_ENABLE_OBJC_ARC = YES;
				CLANG_ENABLE_OBJC_WEAK = YES;
				CLANG_WARN_BLOCK_CAPTURE_AUTORELEASING = YES;
				CLANG_WARN_BOOL_CONVERSION = YES;
				CLANG_WARN_COMMA = YES;
				CLANG_WARN_CONSTANT_CONVERSION = YES;
				CLANG_WARN_DEPRECATED_OBJC_IMPLEMENTATIONS = YES;
				CLANG_WARN_DIRECT_OBJC_ISA_USAGE = YES_ERROR;
				CLANG_WARN_DOCUMENTATION_COMMENTS = YES;
				CLANG_WARN_EMPTY_BODY = YES;
				CLANG_WARN_ENUM_CONVERSION = YES;
				CLANG_WARN_INFINITE_RECURSION = YES;
				CLANG_WARN_INT_CONVERSION = YES;
				CLANG_WARN_NON_LITERAL_NULL_CONVERSION = YES;
				CLANG_WARN_OBJC_IMPLICIT_RETAIN_SELF = YES;
				CLANG_WARN_OBJC_LITERAL_CONVERSION = YES;
				CLANG_WARN_OBJC_ROOT_CLASS = YES_ERROR;
				CLANG_WARN_RANGE_LOOP_ANALYSIS = YES;
				CLANG_WARN_STRICT_PROTOTYPES = YES;
				CLANG_WARN_SUSPICIOUS_MOVE = YES;
				CLANG_WARN_UNGUARDED_AVAILABILITY = YES_AGGRESSIVE;
				CLANG_WARN_UNREACHABLE_CODE = YES;
				CLANG_WARN__DUPLICATE_METHOD_MATCH = YES;
				COPY_PHASE_STRIP = NO;
				DEBUG_INFORMATION_FORMAT = dwarf;
				ENABLE_STRICT_OBJC_MSGSEND = YES;
				ENABLE_TESTABILITY = YES;
				GCC_C_LANGUAGE_STANDARD = gnu11;
				GCC_DYNAMIC_NO_PIC = NO;
				GCC_NO_COMMON_BLOCKS = YES;
				GCC_OPTIMIZATION_LEVEL = 0;
				GCC_PREPROCESSOR_DEFINITIONS = (
					"DEBUG=1",
					"$(inherited)",
				);
				GCC_WARN_64_TO_32_BIT_CONVERSION = YES;
				GCC_WARN_ABOUT_RETURN_TYPE = YES_ERROR;
				GCC_WARN_UNDECLARED_SELECTOR = YES;
				GCC_WARN_UNINITIALIZED_AUTOS = YES_AGGRESSIVE;
				GCC_WARN_UNUSED_FUNCTION = YES;
				GCC_WARN_UNUSED_VARIABLE = YES;
				IPHONEOS_DEPLOYMENT_TARGET = 13.1;
				MTL_ENABLE_DEBUG_INFO = INCLUDE_SOURCE;
				MTL_FAST_MATH = YES;
				ONLY_ACTIVE_ARCH = YES;
				SDKROOT = iphoneos;
				SWIFT_ACTIVE_COMPILATION_CONDITIONS = DEBUG;
				SWIFT_OPTIMIZATION_LEVEL = "-Onone";
			};
			name = Debug;
		};
		519F0D1C24861FC20080F08B /* Release */ = {
			isa = XCBuildConfiguration;
			buildSettings = {
				ALWAYS_SEARCH_USER_PATHS = NO;
				CLANG_ANALYZER_NONNULL = YES;
				CLANG_ANALYZER_NUMBER_OBJECT_CONVERSION = YES_AGGRESSIVE;
				CLANG_CXX_LANGUAGE_STANDARD = "gnu++14";
				CLANG_CXX_LIBRARY = "libc++";
				CLANG_ENABLE_MODULES = YES;
				CLANG_ENABLE_OBJC_ARC = YES;
				CLANG_ENABLE_OBJC_WEAK = YES;
				CLANG_WARN_BLOCK_CAPTURE_AUTORELEASING = YES;
				CLANG_WARN_BOOL_CONVERSION = YES;
				CLANG_WARN_COMMA = YES;
				CLANG_WARN_CONSTANT_CONVERSION = YES;
				CLANG_WARN_DEPRECATED_OBJC_IMPLEMENTATIONS = YES;
				CLANG_WARN_DIRECT_OBJC_ISA_USAGE = YES_ERROR;
				CLANG_WARN_DOCUMENTATION_COMMENTS = YES;
				CLANG_WARN_EMPTY_BODY = YES;
				CLANG_WARN_ENUM_CONVERSION = YES;
				CLANG_WARN_INFINITE_RECURSION = YES;
				CLANG_WARN_INT_CONVERSION = YES;
				CLANG_WARN_NON_LITERAL_NULL_CONVERSION = YES;
				CLANG_WARN_OBJC_IMPLICIT_RETAIN_SELF = YES;
				CLANG_WARN_OBJC_LITERAL_CONVERSION = YES;
				CLANG_WARN_OBJC_ROOT_CLASS = YES_ERROR;
				CLANG_WARN_RANGE_LOOP_ANALYSIS = YES;
				CLANG_WARN_STRICT_PROTOTYPES = YES;
				CLANG_WARN_SUSPICIOUS_MOVE = YES;
				CLANG_WARN_UNGUARDED_AVAILABILITY = YES_AGGRESSIVE;
				CLANG_WARN_UNREACHABLE_CODE = YES;
				CLANG_WARN__DUPLICATE_METHOD_MATCH = YES;
				COPY_PHASE_STRIP = NO;
				DEBUG_INFORMATION_FORMAT = "dwarf-with-dsym";
				ENABLE_NS_ASSERTIONS = NO;
				ENABLE_STRICT_OBJC_MSGSEND = YES;
				GCC_C_LANGUAGE_STANDARD = gnu11;
				GCC_NO_COMMON_BLOCKS = YES;
				GCC_WARN_64_TO_32_BIT_CONVERSION = YES;
				GCC_WARN_ABOUT_RETURN_TYPE = YES_ERROR;
				GCC_WARN_UNDECLARED_SELECTOR = YES;
				GCC_WARN_UNINITIALIZED_AUTOS = YES_AGGRESSIVE;
				GCC_WARN_UNUSED_FUNCTION = YES;
				GCC_WARN_UNUSED_VARIABLE = YES;
				IPHONEOS_DEPLOYMENT_TARGET = 13.1;
				MTL_ENABLE_DEBUG_INFO = NO;
				MTL_FAST_MATH = YES;
				SDKROOT = iphoneos;
				SWIFT_COMPILATION_MODE = wholemodule;
				SWIFT_OPTIMIZATION_LEVEL = "-O";
				VALIDATE_PRODUCT = YES;
			};
			name = Release;
		};
		519F0D1E24861FC20080F08B /* Debug */ = {
			isa = XCBuildConfiguration;
			buildSettings = {
				ASSETCATALOG_COMPILER_APPICON_NAME = AppIcon;
				CODE_SIGN_STYLE = Automatic;
				DEVELOPMENT_TEAM = S73QGWKJMP;
				INFOPLIST_FILE = FlappyBird/Info.plist;
				LD_RUNPATH_SEARCH_PATHS = (
					"$(inherited)",
					"@executable_path/Frameworks",
				);
				PRODUCT_BUNDLE_IDENTIFIER = jp.techacademy.seigo.hayashi.FlappyBird;
				PRODUCT_NAME = "$(TARGET_NAME)";
				SWIFT_VERSION = 5.0;
				TARGETED_DEVICE_FAMILY = 1;
			};
			name = Debug;
		};
		519F0D1F24861FC20080F08B /* Release */ = {
			isa = XCBuildConfiguration;
			buildSettings = {
				ASSETCATALOG_COMPILER_APPICON_NAME = AppIcon;
				CODE_SIGN_STYLE = Automatic;
				DEVELOPMENT_TEAM = S73QGWKJMP;
				INFOPLIST_FILE = FlappyBird/Info.plist;
				LD_RUNPATH_SEARCH_PATHS = (
					"$(inherited)",
					"@executable_path/Frameworks",
				);
				PRODUCT_BUNDLE_IDENTIFIER = jp.techacademy.seigo.hayashi.FlappyBird;
				PRODUCT_NAME = "$(TARGET_NAME)";
				SWIFT_VERSION = 5.0;
				TARGETED_DEVICE_FAMILY = 1;
			};
			name = Release;
		};
/* End XCBuildConfiguration section */

/* Begin XCConfigurationList section */
		519F0D0424861FC10080F08B /* Build configuration list for PBXProject "FlappyBird" */ = {
			isa = XCConfigurationList;
			buildConfigurations = (
				519F0D1B24861FC20080F08B /* Debug */,
				519F0D1C24861FC20080F08B /* Release */,
			);
			defaultConfigurationIsVisible = 0;
			defaultConfigurationName = Release;
		};
		519F0D1D24861FC20080F08B /* Build configuration list for PBXNativeTarget "FlappyBird" */ = {
			isa = XCConfigurationList;
			buildConfigurations = (
				519F0D1E24861FC20080F08B /* Debug */,
				519F0D1F24861FC20080F08B /* Release */,
			);
			defaultConfigurationIsVisible = 0;
			defaultConfigurationName = Release;
		};
/* End XCConfigurationList section */
	};
	rootObject = 519F0D0124861FC10080F08B /* Project object */;
}
